version = 1
revision = 3
requires-python = ">=3.10"
resolution-markers = [
    "python_full_version == '3.14.*'",
    "python_full_version == '3.13.*'",
    "python_full_version == '3.12.*'",
    "python_full_version < '3.12' or python_full_version >= '3.15'",
]

[[package]]
name = "cel-python"
version = "0.2.0"
source = { registry = "https://pypi.org/simple" }
dependencies = [
    { name = "jmespath" },
    { name = "lark" },
    { name = "python-dateutil" },
    { name = "pyyaml" },
    { name = "types-python-dateutil" },
    { name = "types-pyyaml" },
]
sdist = { url = "https://files.pythonhosted.org/packages/10/87/85a1b99b98f6466bb87d40df636626385945ae82348e82cd97d44313f612/cel_python-0.2.0.tar.gz", hash = "sha256:75de72a5cf223ec690b236f0cc24da267219e667bd3e7f8f4f20595fcc1c0c0f", size = 67185, upload-time = "2025-02-14T11:42:21.882Z" }
wheels = [
    { url = "https://files.pythonhosted.org/packages/18/28/08871462a0347b3e707658a8308be6f979167488a2196f93b402c2ea7170/cel_python-0.2.0-py3-none-any.whl", hash = "sha256:478ff73def7b39d51e6982f95d937a57c2b088c491c578fe5cecdbd79f476f60", size = 71337, upload-time = "2025-02-14T11:42:19.996Z" },
]

[[package]]
name = "flyte-controller-base"
version = "2.0.0b36.dev23+gdb40f621.dirty"
source = { editable = "." }
dependencies = [
    { name = "flyteidl2" },
]

[package.metadata]
requires-dist = [{ name = "flyteidl2", specifier = ">=2.0.0a14" }]

[[package]]
name = "flyteidl2"
version = "2.0.0a16"
source = { registry = "https://pypi.org/simple" }
dependencies = [
    { name = "googleapis-common-protos" },
    { name = "protobuf" },
    { name = "protoc-gen-openapiv2" },
    { name = "protovalidate" },
]
wheels = [
    { url = "https://files.pythonhosted.org/packages/bb/f8/7076cbc059c6a55c1756c9cf244b30fd5fdd5bfa58758b0d4b003f403cb2/flyteidl2-2.0.0a16-py3-none-any.whl", hash = "sha256:63f89bc501798db000e5360fb7760096afa95eea9fdb01140b7aa89a92ea3f5e", size = 246706, upload-time = "2025-12-11T21:52:23.075Z" },
]

[[package]]
name = "google-re2"
version = "1.1.20251105"
source = { registry = "https://pypi.org/simple" }
sdist = { url = "https://files.pythonhosted.org/packages/6b/60/805c654ba53d685513df955ee745f71920fe8e6a284faf0f9b9dc19b659c/google_re2-1.1.20251105.tar.gz", hash = "sha256:1db14a292ee8303b91e91e7c37e05ac17d3c467f29416c79ac70a78be3e65bda", size = 11676, upload-time = "2025-11-05T14:58:07.324Z" }
wheels = [
    { url = "https://files.pythonhosted.org/packages/23/fb/36548d5d791d2d750dc6fc2ab87fbe50f0bcc054673e1cf64928908892a3/google_re2-1.1.20251105-1-cp310-cp310-macosx_13_0_arm64.whl", hash = "sha256:88bd426c1904f3562049bf766301bbc4f7a4bcb8f61e92f8cc833faac1cf2a92", size = 483062, upload-time = "2025-11-05T14:56:49.848Z" },
    { url = "https://files.pythonhosted.org/packages/7f/5d/25afc138821a1958940ee4a9bc83a87b59a6dbedd7ef0db4ee04b572a3b0/google_re2-1.1.20251105-1-cp310-cp310-macosx_13_0_x86_64.whl", hash = "sha256:a486dc10bb07f3c34b9908541368e21ab6d77972569427200db077126668fbf3", size = 514075, upload-time = "2025-11-05T14:56:51.871Z" },
    { url = "https://files.pythonhosted.org/packages/70/00/5303bb660b6f75a71f75dc818a35082c30508d4dd5477891f13e831f39e8/google_re2-1.1.20251105-1-cp310-cp310-macosx_14_0_arm64.whl", hash = "sha256:a9aa02dc1345f0889c6ce1365d5f93d5b161b512f4c6df3cfadf3298493fb678", size = 484069, upload-time = "2025-11-05T14:56:53.479Z" },
    { url = "https://files.pythonhosted.org/packages/55/d3/8d11005db3000128055f6d3868a3216dd639721040eb988b3eccce852bc0/google_re2-1.1.20251105-1-cp310-cp310-macosx_14_0_x86_64.whl", hash = "sha256:032160ad8c05739370813bcb15099854cd50faa933e0fe9607a2380659c750df", size = 515556, upload-time = "2025-11-05T14:56:55.163Z" },
    { url = "https://files.pythonhosted.org/packages/21/36/c7d3c8dd7578badb53b929f5c8cc78bbbec23163029a15fdce2dfabf78f4/google_re2-1.1.20251105-1-cp310-cp310-macosx_15_0_arm64.whl", hash = "sha256:39a7013477c8778b1ddcc0d43eff0ee4a0f66b76c9db21f9e7b7d1f74852633f", size = 481738, upload-time = "2025-11-05T14:56:56.429Z" },
    { url = "https://files.pythonhosted.org/packages/61/c3/2199a9edefa1ffea59e5e54ebca34a126e0a2c5b4b2c73db9c5b97b9895d/google_re2-1.1.20251105-1-cp310-cp310-macosx_15_0_x86_64.whl", hash = "sha256:f886c88d56233483c5fd5ed1234e7e72389b8331250100983443fa30855deb63", size = 507751, upload-time = "2025-11-05T14:56:58.035Z" },
    { url = "https://files.pythonhosted.org/packages/28/34/e9a9fa5fd3b309c76262fd8642346b62235f7a9b7590563403ef427a366b/google_re2-1.1.20251105-1-cp310-cp310-manylinux_2_26_aarch64.manylinux_2_28_aarch64.whl", hash = "sha256:8beddf48857fd3767c553f0be7414a7a483f9b6374c91c02474a616fc7f5c5b3", size = 572738, upload-time = "2025-11-05T14:56:59.418Z" },
    { url = "https://files.pythonhosted.org/packages/65/d3/4aad2f11e635709c326a1c34bff59c879dab5c2ff720dbcd275c61c3ea56/google_re2-1.1.20251105-1-cp310-cp310-manylinux_2_27_x86_64.manylinux_2_28_x86_64.whl", hash = "sha256:3a319dcb37b069d72d968862335197f460803b3a35f99445ea805f69fac58759", size = 588959, upload-time = "2025-11-05T14:57:00.675Z" },
    { url = "https://files.pythonhosted.org/packages/f7/d7/ce78b34800b966fc7c4abf2f40e71ece39c1485b57a283bcffae054a5aa3/google_re2-1.1.20251105-1-cp310-cp310-win32.whl", hash = "sha256:420fe037ad77ab3d1a280c6823985b89160896f66ce601a3923d020690a1f9b4", size = 432828, upload-time = "2025-11-05T14:57:01.985Z" },
    { url = "https://files.pythonhosted.org/packages/1b/4e/d381ebce2d14b381379485845f884d8c7b491196fed62c68932a4e5fef69/google_re2-1.1.20251105-1-cp310-cp310-win_amd64.whl", hash = "sha256:462dfcf147d0f54d0c93a69c361225119a4987c3b0ecd77f0e21ad9ba8bf180e", size = 490179, upload-time = "2025-11-05T14:57:03.278Z" },
    { url = "https://files.pythonhosted.org/packages/8d/4d/203a08dab1bdb5c83b46dd424c01a789ecb5a37dbc80f33d016bd116a9d7/google_re2-1.1.20251105-1-cp311-cp311-macosx_13_0_arm64.whl", hash = "sha256:329efa209ea7baa44f0facf0402fa34e655dc97fdeb10d0b83fc06354f5575fd", size = 483717, upload-time = "2025-11-05T14:57:04.808Z" },
    { url = "https://files.pythonhosted.org/packages/78/88/466026b43ff5c7d740f5ede090992ec63b60d1810ab14fe35dfc00677e0a/google_re2-1.1.20251105-1-cp311-cp311-macosx_13_0_x86_64.whl", hash = "sha256:aa2ad5f6f48921ec137a7b7f1b1da903ddef8627a2dc30bc878a9a69d9925719", size = 515547, upload-time = "2025-11-05T14:57:06.013Z" },
    { url = "https://files.pythonhosted.org/packages/f3/6a/c6c9fdb00c98990e4f7a6cd650e209d7b5d2754ca0404b72c69ac9909a69/google_re2-1.1.20251105-1-cp311-cp311-macosx_14_0_arm64.whl", hash = "sha256:ac1cb2526cc88f050a0661fc7245ad009ee454bddc541b2e653f1d007585000d", size = 485396, upload-time = "2025-11-05T14:57:07.592Z" },
    { url = "https://files.pythonhosted.org/packages/a2/f6/529c44f607c47f96cfa29c1fe3a690fe75b2fdb48e9b0d6b54e5f0a75e59/google_re2-1.1.20251105-1-cp311-cp311-macosx_14_0_x86_64.whl", hash = "sha256:50c7205182ad66c23c07abe8072f720ca2f7d595b61e28fd9b63623614f9afd6", size = 517150, upload-time = "2025-11-05T14:57:09.376Z" },
    { url = "https://files.pythonhosted.org/packages/df/d2/ccc07860e31ab81965c63f9ed4eb69ea0d3449a9b4e1610f71883694bbe8/google_re2-1.1.20251105-1-cp311-cp311-macosx_15_0_arm64.whl", hash = "sha256:4cb5acee61e35772503b8b1db3c592a46b8e6a9bc0ab54d7d6233654ea2bf93d", size = 482807, upload-time = "2025-11-05T14:57:11.057Z" },
    { url = "https://files.pythonhosted.org/packages/bd/43/5fb20d16664457f61670bdd95f39039d43ee8b7732511c688e2f322a4317/google_re2-1.1.20251105-1-cp311-cp311-macosx_15_0_x86_64.whl", hash = "sha256:1617097d63620c2d46bdfc0e48f24f66cd341664fc75718636d234f67473fe7f", size = 508839, upload-time = "2025-11-05T14:57:12.338Z" },
    { url = "https://files.pythonhosted.org/packages/0e/f2/6e470338271e164dd3c5e508876f99aec3ed23bf419c7d54a5672fd5b05f/google_re2-1.1.20251105-1-cp311-cp311-manylinux_2_26_aarch64.manylinux_2_28_aarch64.whl", hash = "sha256:18a5610b26742b90cb1d64ead2b16fe0e3bd7e67add03fd3779cd1b85e401661", size = 573718, upload-time = "2025-11-05T14:57:13.635Z" },
    { url = "https://files.pythonhosted.org/packages/91/21/4566fc344c21cf3c49082d13ddab785994b5e3b8b7fd4631242538f698a2/google_re2-1.1.20251105-1-cp311-cp311-manylinux_2_27_x86_64.manylinux_2_28_x86_64.whl", hash = "sha256:03156291269f145eccddff63118f2df02d395792f51fc039f09955818943815a", size = 590749, upload-time = "2025-11-05T14:57:14.864Z" },
    { url = "https://files.pythonhosted.org/packages/94/19/5981fb798bb8d08933b815b1fd9e55d179c380b9d8c21a49197b9b7c5967/google_re2-1.1.20251105-1-cp311-cp311-win32.whl", hash = "sha256:54f51762b51dc238eceddf49b56cc2b64594fe72d9328c1c39d615aa990e1f87", size = 434066, upload-time = "2025-11-05T14:57:16.22Z" },
    { url = "https://files.pythonhosted.org/packages/49/e5/f83053a36cfc4762d843748e4f7a9c1141937dcf74cd6fc3f4598292dda3/google_re2-1.1.20251105-1-cp311-cp311-win_amd64.whl", hash = "sha256:f5f856ff5036a8f22b3bad57f376d4e3b97b59b64f311bdb1f83c8dabded2492", size = 491025, upload-time = "2025-11-05T14:57:17.746Z" },
    { url = "https://files.pythonhosted.org/packages/56/be/4315c3b38f42f9a2888fa76260545c98547502f1c35aa63a672d39011b2e/google_re2-1.1.20251105-1-cp311-cp311-win_arm64.whl", hash = "sha256:913864f97de4151eaa8bb7746ca230fd193656501e07fb658ce2cd46d4f6efcc", size = 642194, upload-time = "2025-11-05T14:57:19.374Z" },
    { url = "https://files.pythonhosted.org/packages/67/20/73b487538e9107c2fd96aed737e3f3890dfce3e292622e4ffb2f9c810ee5/google_re2-1.1.20251105-1-cp312-cp312-macosx_13_0_arm64.whl", hash = "sha256:b30f09b4d63249c72e65ccae4cbf6b331b48c22fc7cb439f1d85f347b9d07ceb", size = 485591, upload-time = "2025-11-05T14:57:20.961Z" },
    { url = "https://files.pythonhosted.org/packages/b9/9a/ca3a993bdb5dc6d5b2616b9657b2872a83d1827f8bd3ab50cd629eb751c7/google_re2-1.1.20251105-1-cp312-cp312-macosx_13_0_x86_64.whl", hash = "sha256:9a77892c524b8bdf3d47d7cad1cc2ac3a0108bdd65007ef4c02888fa46baf8ee", size = 518780, upload-time = "2025-11-05T14:57:22.18Z" },
    { url = "https://files.pythonhosted.org/packages/df/37/b2e367987371514253ec9e514637f457deaacb7acc1c900814f3a6421e0f/google_re2-1.1.20251105-1-cp312-cp312-macosx_14_0_arm64.whl", hash = "sha256:a3ac51b28cbf25c100dfd8849212d878d7005d1d4a7e129a10789043c56b6021", size = 486966, upload-time = "2025-11-05T14:57:24.575Z" },
    { url = "https://files.pythonhosted.org/packages/d9/69/1db6742943c0ac254bfb7d8a37a5d3f73f016a65cfa1f84fe3a0451820f6/google_re2-1.1.20251105-1-cp312-cp312-macosx_14_0_x86_64.whl", hash = "sha256:9f7158afc9825ac2654c6561aea94a1f7edb5b5b88e6e3639bb80bb817d102ac", size = 520225, upload-time = "2025-11-05T14:57:26.039Z" },
    { url = "https://files.pythonhosted.org/packages/f4/0a/0747c92dbebe2c09a26bd7386d372b5c5a9926236b4f3d69bb8f15db05cb/google_re2-1.1.20251105-1-cp312-cp312-macosx_15_0_arm64.whl", hash = "sha256:5320da07dc3b7ac7f407514f42ac17d67e771ac7c7562d449571185e6fb601b2", size = 482943, upload-time = "2025-11-05T14:57:27.353Z" },
    { url = "https://files.pythonhosted.org/packages/7f/14/6bfc6838bb6cb561824ac03deeab2bd11d5d9a93505f536c8fa2f6bd46c4/google_re2-1.1.20251105-1-cp312-cp312-macosx_15_0_x86_64.whl", hash = "sha256:5a4e5785bc30d52ce655d805b07ad2d8a4905429a5f690ae9c2f1caa76665709", size = 510384, upload-time = "2025-11-05T14:57:29.139Z" },
    { url = "https://files.pythonhosted.org/packages/8a/0a/6add090c917ee39f6f0be753037cafceb3bad904b424efc155fb38082635/google_re2-1.1.20251105-1-cp312-cp312-manylinux_2_26_aarch64.manylinux_2_28_aarch64.whl", hash = "sha256:2b7a3b90f747130310d4b3b8e19ebb845d0d97c1deb63b36f76c7242dacbd736", size = 572446, upload-time = "2025-11-05T14:57:30.495Z" },
    { url = "https://files.pythonhosted.org/packages/0d/1c/8b1ccbeade96a21435d55b5185cd6d9b2ceab5a9af998a4d9099e0540759/google_re2-1.1.20251105-1-cp312-cp312-manylinux_2_27_x86_64.manylinux_2_28_x86_64.whl", hash = "sha256:809c5fa5d08279413b29c2e2c5c528e85cd94a0e0fd897db595a0c09eeee2782", size = 591348, upload-time = "2025-11-05T14:57:31.808Z" },
    { url = "https://files.pythonhosted.org/packages/62/cf/7bdd7a1ae7828b613011da808eafec4da3132f43c3be6af5e0bd670ebe8b/google_re2-1.1.20251105-1-cp312-cp312-win32.whl", hash = "sha256:d8424e63a9ec0fe5bde03d97876b2431f8a746af33eb475fa1ae39144bd05b2a", size = 433787, upload-time = "2025-11-05T14:57:33.071Z" },
    { url = "https://files.pythonhosted.org/packages/31/e9/5dd951c35acaabfe87c67228b9af2cdcd7779d9167edbe6b9094b8a8e529/google_re2-1.1.20251105-1-cp312-cp312-win_amd64.whl", hash = "sha256:062313c309f93dfeb6966372f4c446580e98879133ec155522eea8aaf568a5cd", size = 491726, upload-time = "2025-11-05T14:57:34.39Z" },
    { url = "https://files.pythonhosted.org/packages/60/8d/c1afd29fc2cb475fd4c634f3d3c8099c0efb662362c10b27a9eaf11c9357/google_re2-1.1.20251105-1-cp312-cp312-win_arm64.whl", hash = "sha256:558f144b26a9555ae4e9467cc3aa3299a8ce13217f328b21ae326ca0633be19b", size = 642673, upload-time = "2025-11-05T14:57:35.693Z" },
    { url = "https://files.pythonhosted.org/packages/a5/b9/c441722196598fc3de0f654606ad9975a968c71dc27f516b5a4c9ebb94fd/google_re2-1.1.20251105-1-cp313-cp313-macosx_13_0_arm64.whl", hash = "sha256:9f3cf610e857a7d6f02916cf2b7fc159a5429b8bcb23164500d46e5e233f2924", size = 485549, upload-time = "2025-11-05T14:57:36.939Z" },
    { url = "https://files.pythonhosted.org/packages/ea/87/cf588255e5ada1dfb555cc96de35be78438bb0b6faba64df5fe91cecc224/google_re2-1.1.20251105-1-cp313-cp313-macosx_13_0_x86_64.whl", hash = "sha256:a21c2807bf4d5d00f206a4ecb3b043aad674e28c451b697b740280f608872078", size = 518840, upload-time = "2025-11-05T14:57:38.115Z" },
    { url = "https://files.pythonhosted.org/packages/0d/39/da66e4ca9be0c51546efc6fb39cf1683c4be8245d8199cb54a9808e8d5fa/google_re2-1.1.20251105-1-cp313-cp313-macosx_14_0_arm64.whl", hash = "sha256:8314144eefeee7b88b742081c2038418f677e63901039ca9dbfbc0c5bb6d2911", size = 487037, upload-time = "2025-11-05T14:57:39.467Z" },
    { url = "https://files.pythonhosted.org/packages/75/dd/24ba65692dd58dca6ff178428551f4e9b776d1489a1251f5c8539e598baa/google_re2-1.1.20251105-1-cp313-cp313-macosx_14_0_x86_64.whl", hash = "sha256:28a46be978e53c772139d0f5c9ba69f53563fcdd4225407e4d34d51208b828f1", size = 520285, upload-time = "2025-11-05T14:57:40.666Z" },
    { url = "https://files.pythonhosted.org/packages/61/12/cfdbb92bed24af6474970a75a26145c424f98cfbcc633fdd185985f0efe0/google_re2-1.1.20251105-1-cp313-cp313-macosx_15_0_arm64.whl", hash = "sha256:83292e23963aa1b219d5f64a65365b0880448a6a060276027b55270bc5b18c7e", size = 482981, upload-time = "2025-11-05T14:57:41.928Z" },
    { url = "https://files.pythonhosted.org/packages/97/bf/5fc32ded9279e69a87b88d7261e7e77e2e26325d4e27ca1303a3215e430a/google_re2-1.1.20251105-1-cp313-cp313-macosx_15_0_x86_64.whl", hash = "sha256:1920b15dc9b1bdfeca5aa2c60900373c6f27cd1056d53cd299456ea5540a6fff", size = 510366, upload-time = "2025-11-05T14:57:43.21Z" },
    { url = "https://files.pythonhosted.org/packages/71/71/f927ddc7aef1b8d7ccc8a649c335d311f29f3dea658209e30e37720e4891/google_re2-1.1.20251105-1-cp313-cp313-manylinux_2_26_aarch64.manylinux_2_28_aarch64.whl", hash = "sha256:0b1458d9ca588124cd61aa1bf5388a216e1247e7d474f8e5e1530498044f5c87", size = 572390, upload-time = "2025-11-05T14:57:44.422Z" },
    { url = "https://files.pythonhosted.org/packages/f0/8c/23075e589038284c9487f41cde531d35873f9da622fb4ac7d1d97bd9086e/google_re2-1.1.20251105-1-cp313-cp313-manylinux_2_27_x86_64.manylinux_2_28_x86_64.whl", hash = "sha256:a52cb204e49d20cdbb66faf394d57f476e96c39c23a328442ab0194fc6bd1a2b", size = 591386, upload-time = "2025-11-05T14:57:45.713Z" },
    { url = "https://files.pythonhosted.org/packages/f1/7f/858453ef689f6b9895cd02b466836a9d1a6e4ba535d1a275b01bf73baa1d/google_re2-1.1.20251105-1-cp313-cp313-win32.whl", hash = "sha256:67c5c73d7ebcf3f0e0a3b528b41bd8c6c04900f1598aebf05bbdf15a06cf5f9a", size = 433807, upload-time = "2025-11-05T14:57:46.92Z" },
    { url = "https://files.pythonhosted.org/packages/08/24/6ea87fe682e115ffd296e91eb5c5a266349d1ee8414ce8ece3f99ec1ac84/google_re2-1.1.20251105-1-cp313-cp313-win_amd64.whl", hash = "sha256:0bcba63ad3ea8926fb0c71bb5044e33d405bb9395f5b5444393cd5f28f0bf6d3", size = 491734, upload-time = "2025-11-05T14:57:48.304Z" },
    { url = "https://files.pythonhosted.org/packages/34/85/32ba71b06f3cf5f9856ae95b3d6463b971742453631a5ae2c5be338ea377/google_re2-1.1.20251105-1-cp313-cp313-win_arm64.whl", hash = "sha256:64ee189ea857f2126c5e42073cfa9b03e9f4cbaf073edbedb575059074841aa0", size = 642654, upload-time = "2025-11-05T14:57:49.602Z" },
    { url = "https://files.pythonhosted.org/packages/5e/7f/7eb238bdcd06182b5f427afd305cf413b7cf4ea71047308bbf35912cf923/google_re2-1.1.20251105-1-cp314-cp314-macosx_13_0_arm64.whl", hash = "sha256:cc151cf6a585d9ebe711da32b23683fcff40f78db8c8587c7f4b209ef4658809", size = 484719, upload-time = "2025-11-05T14:57:51.326Z" },
    { url = "https://files.pythonhosted.org/packages/6d/62/eed28eab67f939f4b9383c47b1db11638ade6ac30785c15cb960de85ba43/google_re2-1.1.20251105-1-cp314-cp314-macosx_13_0_x86_64.whl", hash = "sha256:7e2186d2c90488c1e11895343941f35ca2f58e9ba6c6b034fd531abe22ef77cc", size = 517698, upload-time = "2025-11-05T14:57:52.597Z" },
    { url = "https://files.pythonhosted.org/packages/f7/16/a1e6768513f788bf9c67a1cfe379ef34a793983eee46e4b653e42b558b78/google_re2-1.1.20251105-1-cp314-cp314-macosx_14_0_arm64.whl", hash = "sha256:41be22359c3dceb582937739b4365dd8e279de24ad0a5b10e653503abaff2ed7", size = 486421, upload-time = "2025-11-05T14:57:53.852Z" },
    { url = "https://files.pythonhosted.org/packages/ca/fc/7a97ffd36d451e5a8bfaff2f9022b14807795d588f98227ff96e8da99856/google_re2-1.1.20251105-1-cp314-cp314-macosx_14_0_x86_64.whl", hash = "sha256:f3168d7bbac247c862ea85b2f3c011d3a04bedcb6892b37f14d488f4133b206e", size = 519037, upload-time = "2025-11-05T14:57:55.078Z" },
    { url = "https://files.pythonhosted.org/packages/5f/ee/8b6f7d94bb689dafdf60de8dd8f8f6296ad40d4d15c933fcda4da7a3a06b/google_re2-1.1.20251105-1-cp314-cp314-macosx_15_0_arm64.whl", hash = "sha256:79ce664038194a31bbcf422137f9607ae3d9946a5cff98cf0efbeb7f9411e64b", size = 483373, upload-time = "2025-11-05T14:57:56.297Z" },
    { url = "https://files.pythonhosted.org/packages/d1/a6/16a09e03d1de128f821869e4252688c21319f5017d9209f4d0e71ea5c951/google_re2-1.1.20251105-1-cp314-cp314-macosx_15_0_x86_64.whl", hash = "sha256:0476b07421b8882b279d5ceb5b760c15c62d581ded95274697fc1227e3869ee6", size = 510167, upload-time = "2025-11-05T14:57:57.653Z" },
    { url = "https://files.pythonhosted.org/packages/c4/9d/213dce5de401527369fb5af11096b18c06001d9eb71f3318fe5eba1ec706/google_re2-1.1.20251105-1-cp314-cp314-manylinux_2_26_aarch64.manylinux_2_28_aarch64.whl", hash = "sha256:85feec3161ffdc12f6b144e37a2f91f80b771c72ffadde60191e89a49f6d7e81", size = 573176, upload-time = "2025-11-05T14:57:59.211Z" },
    { url = "https://files.pythonhosted.org/packages/03/be/a8def96aa4a80b233e105767d22e3de961dcde5a04f0a05cb4f3ddb4df78/google_re2-1.1.20251105-1-cp314-cp314-manylinux_2_27_x86_64.manylinux_2_28_x86_64.whl", hash = "sha256:a7bfaa2cf55daf0c5c650e68526bb20b61e37d7f3ae53f6893013acc1c91c116", size = 591483, upload-time = "2025-11-05T14:58:00.416Z" },
    { url = "https://files.pythonhosted.org/packages/14/ea/144bbc4b9359da89aec07b4c2a91a6bfe7119914885386577c665b07bb01/google_re2-1.1.20251105-1-cp314-cp314-win32.whl", hash = "sha256:214c1accdc60fff9ce1bf812b157147ca361844f496ed9e0d5f357b0e562ced8", size = 433773, upload-time = "2025-11-05T14:58:01.594Z" },
    { url = "https://files.pythonhosted.org/packages/96/b3/74e301211699f1b650ba7690a3e4e52146ac4266fcd62f3ea0a945b9eda4/google_re2-1.1.20251105-1-cp314-cp314-win_amd64.whl", hash = "sha256:6d4d5fdadd329a2ed193463899d00ef2fd126172f36a4c01c9def271f19801b6", size = 491893, upload-time = "2025-11-05T14:58:02.969Z" },
    { url = "https://files.pythonhosted.org/packages/6f/d1/4adcfcb9c95e3d064c9f7aaf6cb3a4fc842d86115014b9d4094db4d465b5/google_re2-1.1.20251105-1-cp314-cp314-win_arm64.whl", hash = "sha256:1d27f3a2a947ec1f721d0f14f661108acfd4f4d34f357ce28db951cc036656e5", size = 643093, upload-time = "2025-11-05T14:58:05.761Z" },
]

[[package]]
name = "googleapis-common-protos"
version = "1.72.0"
source = { registry = "https://pypi.org/simple" }
dependencies = [
    { name = "protobuf" },
]
sdist = { url = "https://files.pythonhosted.org/packages/e5/7b/adfd75544c415c487b33061fe7ae526165241c1ea133f9a9125a56b39fd8/googleapis_common_protos-1.72.0.tar.gz", hash = "sha256:e55a601c1b32b52d7a3e65f43563e2aa61bcd737998ee672ac9b951cd49319f5", size = 147433, upload-time = "2025-11-06T18:29:24.087Z" }
wheels = [
    { url = "https://files.pythonhosted.org/packages/c4/ab/09169d5a4612a5f92490806649ac8d41e3ec9129c636754575b3553f4ea4/googleapis_common_protos-1.72.0-py3-none-any.whl", hash = "sha256:4299c5a82d5ae1a9702ada957347726b167f9f8d1fc352477702a1e851ff4038", size = 297515, upload-time = "2025-11-06T18:29:13.14Z" },
]

[[package]]
name = "jmespath"
version = "1.0.1"
source = { registry = "https://pypi.org/simple" }
sdist = { url = "https://files.pythonhosted.org/packages/00/2a/e867e8531cf3e36b41201936b7fa7ba7b5702dbef42922193f05c8976cd6/jmespath-1.0.1.tar.gz", hash = "sha256:90261b206d6defd58fdd5e85f478bf633a2901798906be2ad389150c5c60edbe", size = 25843, upload-time = "2022-06-17T18:00:12.224Z" }
wheels = [
    { url = "https://files.pythonhosted.org/packages/31/b4/b9b800c45527aadd64d5b442f9b932b00648617eb5d63d2c7a6587b7cafc/jmespath-1.0.1-py3-none-any.whl", hash = "sha256:02e2e4cc71b5bcab88332eebf907519190dd9e6e82107fa7f83b1003a6252980", size = 20256, upload-time = "2022-06-17T18:00:10.251Z" },
]

[[package]]
name = "lark"
version = "0.12.0"
source = { registry = "https://pypi.org/simple" }
sdist = { url = "https://files.pythonhosted.org/packages/02/1d/29681d27b84e384ea50b5546e9f0089126afbc91754db4ca89593fcfd0e8/lark-0.12.0.tar.gz", hash = "sha256:7da76fcfddadabbbbfd949bbae221efd33938451d90b1fefbbc423c3cccf48ef", size = 235168, upload-time = "2021-11-12T11:15:32.124Z" }
wheels = [
    { url = "https://files.pythonhosted.org/packages/cb/39/cef2ccdfd984ae3cf93878d050c1b7c9354dd9493ce83fd9bb33a41f7a33/lark-0.12.0-py2.py3-none-any.whl", hash = "sha256:ed1d891cbcf5151ead1c1d14663bf542443e579e63a76ae175b01b899bd854ca", size = 103540, upload-time = "2021-11-12T11:15:34.408Z" },
]

[[package]]
name = "protobuf"
version = "6.33.2"
source = { registry = "https://pypi.org/simple" }
sdist = { url = "https://files.pythonhosted.org/packages/34/44/e49ecff446afeec9d1a66d6bbf9adc21e3c7cea7803a920ca3773379d4f6/protobuf-6.33.2.tar.gz", hash = "sha256:56dc370c91fbb8ac85bc13582c9e373569668a290aa2e66a590c2a0d35ddb9e4", size = 444296, upload-time = "2025-12-06T00:17:53.311Z" }
wheels = [
    { url = "https://files.pythonhosted.org/packages/bc/91/1e3a34881a88697a7354ffd177e8746e97a722e5e8db101544b47e84afb1/protobuf-6.33.2-cp310-abi3-win32.whl", hash = "sha256:87eb388bd2d0f78febd8f4c8779c79247b26a5befad525008e49a6955787ff3d", size = 425603, upload-time = "2025-12-06T00:17:41.114Z" },
    { url = "https://files.pythonhosted.org/packages/64/20/4d50191997e917ae13ad0a235c8b42d8c1ab9c3e6fd455ca16d416944355/protobuf-6.33.2-cp310-abi3-win_amd64.whl", hash = "sha256:fc2a0e8b05b180e5fc0dd1559fe8ebdae21a27e81ac77728fb6c42b12c7419b4", size = 436930, upload-time = "2025-12-06T00:17:43.278Z" },
    { url = "https://files.pythonhosted.org/packages/b2/ca/7e485da88ba45c920fb3f50ae78de29ab925d9e54ef0de678306abfbb497/protobuf-6.33.2-cp39-abi3-macosx_10_9_universal2.whl", hash = "sha256:d9b19771ca75935b3a4422957bc518b0cecb978b31d1dd12037b088f6bcc0e43", size = 427621, upload-time = "2025-12-06T00:17:44.445Z" },
    { url = "https://files.pythonhosted.org/packages/7d/4f/f743761e41d3b2b2566748eb76bbff2b43e14d5fcab694f494a16458b05f/protobuf-6.33.2-cp39-abi3-manylinux2014_aarch64.whl", hash = "sha256:b5d3b5625192214066d99b2b605f5783483575656784de223f00a8d00754fc0e", size = 324460, upload-time = "2025-12-06T00:17:45.678Z" },
    { url = "https://files.pythonhosted.org/packages/b1/fa/26468d00a92824020f6f2090d827078c09c9c587e34cbfd2d0c7911221f8/protobuf-6.33.2-cp39-abi3-manylinux2014_s390x.whl", hash = "sha256:8cd7640aee0b7828b6d03ae518b5b4806fdfc1afe8de82f79c3454f8aef29872", size = 339168, upload-time = "2025-12-06T00:17:46.813Z" },
    { url = "https://files.pythonhosted.org/packages/56/13/333b8f421738f149d4fe5e49553bc2a2ab75235486259f689b4b91f96cec/protobuf-6.33.2-cp39-abi3-manylinux2014_x86_64.whl", hash = "sha256:1f8017c48c07ec5859106533b682260ba3d7c5567b1ca1f24297ce03384d1b4f", size = 323270, upload-time = "2025-12-06T00:17:48.253Z" },
    { url = "https://files.pythonhosted.org/packages/0e/15/4f02896cc3df04fc465010a4c6a0cd89810f54617a32a70ef531ed75d61c/protobuf-6.33.2-py3-none-any.whl", hash = "sha256:7636aad9bb01768870266de5dc009de2d1b936771b38a793f73cbbf279c91c5c", size = 170501, upload-time = "2025-12-06T00:17:52.211Z" },
]

[[package]]
name = "protoc-gen-openapiv2"
version = "0.0.1"
source = { registry = "https://pypi.org/simple" }
dependencies = [
    { name = "googleapis-common-protos" },
    { name = "protobuf" },
]
sdist = { url = "https://files.pythonhosted.org/packages/d8/d2/84fecd8df61640226c726c12ad7ddd2a7666a7cd7f898b9a5b72e3a66d44/protoc-gen-openapiv2-0.0.1.tar.gz", hash = "sha256:6f79188d842c13177c9c0558845442c340b43011bf67dfef1dfc3bc067506409", size = 7323, upload-time = "2022-12-02T01:40:57.306Z" }
wheels = [
    { url = "https://files.pythonhosted.org/packages/2d/ac/bd8961859d8f3f81530465d2ce9b165627e961c00348939009bac2700cc6/protoc_gen_openapiv2-0.0.1-py3-none-any.whl", hash = "sha256:18090c8be3877c438e7da0f7eb7cace45a9a210306bca4707708dbad367857be", size = 7883, upload-time = "2022-12-02T01:40:55.244Z" },
]

[[package]]
name = "protovalidate"
version = "1.1.0"
source = { registry = "https://pypi.org/simple" }
dependencies = [
    { name = "cel-python" },
    { name = "google-re2" },
    { name = "protobuf" },
]
sdist = { url = "https://files.pythonhosted.org/packages/33/7e/65e6d2c956a2b9d79ae8f1a61f7765f720ffabc9a7200fc8142c36f0769d/protovalidate-1.1.0.tar.gz", hash = "sha256:f78e9bdc1bca351d611d6b5f136a4ec13f526a9ece724afeb59a2af42a1e9975", size = 219536, upload-time = "2025-12-09T18:43:18.117Z" }
wheels = [
    { url = "https://files.pythonhosted.org/packages/e3/ee/7bb5386044bc0fa60d3636bbc45fbd7a1534199d547220e0feb6dcb0ec65/protovalidate-1.1.0-py3-none-any.whl", hash = "sha256:adc28521ad391339099fab3dfdaff509ef4b75e5428894196b2623833b5406b5", size = 29572, upload-time = "2025-12-09T18:43:16.447Z" },
]

[[package]]
name = "python-dateutil"
version = "2.9.0.post0"
source = { registry = "https://pypi.org/simple" }
dependencies = [
    { name = "six" },
]
sdist = { url = "https://files.pythonhosted.org/packages/66/c0/0c8b6ad9f17a802ee498c46e004a0eb49bc148f2fd230864601a86dcf6db/python-dateutil-2.9.0.post0.tar.gz", hash = "sha256:37dd54208da7e1cd875388217d5e00ebd4179249f90fb72437e91a35459a0ad3", size = 342432, upload-time = "2024-03-01T18:36:20.211Z" }
wheels = [
    { url = "https://files.pythonhosted.org/packages/ec/57/56b9bcc3c9c6a792fcbaf139543cee77261f3651ca9da0c93f5c1221264b/python_dateutil-2.9.0.post0-py2.py3-none-any.whl", hash = "sha256:a8b2bc7bffae282281c8140a97d3aa9c14da0b136dfe83f850eea9a5f7470427", size = 229892, upload-time = "2024-03-01T18:36:18.57Z" },
]

[[package]]
name = "pyyaml"
version = "6.0.3"
source = { registry = "https://pypi.org/simple" }
sdist = { url = "https://files.pythonhosted.org/packages/05/8e/961c0007c59b8dd7729d542c61a4d537767a59645b82a0b521206e1e25c2/pyyaml-6.0.3.tar.gz", hash = "sha256:d76623373421df22fb4cf8817020cbb7ef15c725b9d5e45f17e189bfc384190f", size = 130960, upload-time = "2025-09-25T21:33:16.546Z" }
wheels = [
    { url = "https://files.pythonhosted.org/packages/f4/a0/39350dd17dd6d6c6507025c0e53aef67a9293a6d37d3511f23ea510d5800/pyyaml-6.0.3-cp310-cp310-macosx_10_13_x86_64.whl", hash = "sha256:214ed4befebe12df36bcc8bc2b64b396ca31be9304b8f59e25c11cf94a4c033b", size = 184227, upload-time = "2025-09-25T21:31:46.04Z" },
    { url = "https://files.pythonhosted.org/packages/05/14/52d505b5c59ce73244f59c7a50ecf47093ce4765f116cdb98286a71eeca2/pyyaml-6.0.3-cp310-cp310-macosx_11_0_arm64.whl", hash = "sha256:02ea2dfa234451bbb8772601d7b8e426c2bfa197136796224e50e35a78777956", size = 174019, upload-time = "2025-09-25T21:31:47.706Z" },
    { url = "https://files.pythonhosted.org/packages/43/f7/0e6a5ae5599c838c696adb4e6330a59f463265bfa1e116cfd1fbb0abaaae/pyyaml-6.0.3-cp310-cp310-manylinux2014_aarch64.manylinux_2_17_aarch64.manylinux_2_28_aarch64.whl", hash = "sha256:b30236e45cf30d2b8e7b3e85881719e98507abed1011bf463a8fa23e9c3e98a8", size = 740646, upload-time = "2025-09-25T21:31:49.21Z" },
    { url = "https://files.pythonhosted.org/packages/2f/3a/61b9db1d28f00f8fd0ae760459a5c4bf1b941baf714e207b6eb0657d2578/pyyaml-6.0.3-cp310-cp310-manylinux2014_s390x.manylinux_2_17_s390x.manylinux_2_28_s390x.whl", hash = "sha256:66291b10affd76d76f54fad28e22e51719ef9ba22b29e1d7d03d6777a9174198", size = 840793, upload-time = "2025-09-25T21:31:50.735Z" },
    { url = "https://files.pythonhosted.org/packages/7a/1e/7acc4f0e74c4b3d9531e24739e0ab832a5edf40e64fbae1a9c01941cabd7/pyyaml-6.0.3-cp310-cp310-manylinux2014_x86_64.manylinux_2_17_x86_64.manylinux_2_28_x86_64.whl", hash = "sha256:9c7708761fccb9397fe64bbc0395abcae8c4bf7b0eac081e12b809bf47700d0b", size = 770293, upload-time = "2025-09-25T21:31:51.828Z" },
    { url = "https://files.pythonhosted.org/packages/8b/ef/abd085f06853af0cd59fa5f913d61a8eab65d7639ff2a658d18a25d6a89d/pyyaml-6.0.3-cp310-cp310-musllinux_1_2_aarch64.whl", hash = "sha256:418cf3f2111bc80e0933b2cd8cd04f286338bb88bdc7bc8e6dd775ebde60b5e0", size = 732872, upload-time = "2025-09-25T21:31:53.282Z" },
    { url = "https://files.pythonhosted.org/packages/1f/15/2bc9c8faf6450a8b3c9fc5448ed869c599c0a74ba2669772b1f3a0040180/pyyaml-6.0.3-cp310-cp310-musllinux_1_2_x86_64.whl", hash = "sha256:5e0b74767e5f8c593e8c9b5912019159ed0533c70051e9cce3e8b6aa699fcd69", size = 758828, upload-time = "2025-09-25T21:31:54.807Z" },
    { url = "https://files.pythonhosted.org/packages/a3/00/531e92e88c00f4333ce359e50c19b8d1de9fe8d581b1534e35ccfbc5f393/pyyaml-6.0.3-cp310-cp310-win32.whl", hash = "sha256:28c8d926f98f432f88adc23edf2e6d4921ac26fb084b028c733d01868d19007e", size = 142415, upload-time = "2025-09-25T21:31:55.885Z" },
    { url = "https://files.pythonhosted.org/packages/2a/fa/926c003379b19fca39dd4634818b00dec6c62d87faf628d1394e137354d4/pyyaml-6.0.3-cp310-cp310-win_amd64.whl", hash = "sha256:bdb2c67c6c1390b63c6ff89f210c8fd09d9a1217a465701eac7316313c915e4c", size = 158561, upload-time = "2025-09-25T21:31:57.406Z" },
    { url = "https://files.pythonhosted.org/packages/6d/16/a95b6757765b7b031c9374925bb718d55e0a9ba8a1b6a12d25962ea44347/pyyaml-6.0.3-cp311-cp311-macosx_10_13_x86_64.whl", hash = "sha256:44edc647873928551a01e7a563d7452ccdebee747728c1080d881d68af7b997e", size = 185826, upload-time = "2025-09-25T21:31:58.655Z" },
    { url = "https://files.pythonhosted.org/packages/16/19/13de8e4377ed53079ee996e1ab0a9c33ec2faf808a4647b7b4c0d46dd239/pyyaml-6.0.3-cp311-cp311-macosx_11_0_arm64.whl", hash = "sha256:652cb6edd41e718550aad172851962662ff2681490a8a711af6a4d288dd96824", size = 175577, upload-time = "2025-09-25T21:32:00.088Z" },
    { url = "https://files.pythonhosted.org/packages/0c/62/d2eb46264d4b157dae1275b573017abec435397aa59cbcdab6fc978a8af4/pyyaml-6.0.3-cp311-cp311-manylinux2014_aarch64.manylinux_2_17_aarch64.manylinux_2_28_aarch64.whl", hash = "sha256:10892704fc220243f5305762e276552a0395f7beb4dbf9b14ec8fd43b57f126c", size = 775556, upload-time = "2025-09-25T21:32:01.31Z" },
    { url = "https://files.pythonhosted.org/packages/10/cb/16c3f2cf3266edd25aaa00d6c4350381c8b012ed6f5276675b9eba8d9ff4/pyyaml-6.0.3-cp311-cp311-manylinux2014_s390x.manylinux_2_17_s390x.manylinux_2_28_s390x.whl", hash = "sha256:850774a7879607d3a6f50d36d04f00ee69e7fc816450e5f7e58d7f17f1ae5c00", size = 882114, upload-time = "2025-09-25T21:32:03.376Z" },
    { url = "https://files.pythonhosted.org/packages/71/60/917329f640924b18ff085ab889a11c763e0b573da888e8404ff486657602/pyyaml-6.0.3-cp311-cp311-manylinux2014_x86_64.manylinux_2_17_x86_64.manylinux_2_28_x86_64.whl", hash = "sha256:b8bb0864c5a28024fac8a632c443c87c5aa6f215c0b126c449ae1a150412f31d", size = 806638, upload-time = "2025-09-25T21:32:04.553Z" },
    { url = "https://files.pythonhosted.org/packages/dd/6f/529b0f316a9fd167281a6c3826b5583e6192dba792dd55e3203d3f8e655a/pyyaml-6.0.3-cp311-cp311-musllinux_1_2_aarch64.whl", hash = "sha256:1d37d57ad971609cf3c53ba6a7e365e40660e3be0e5175fa9f2365a379d6095a", size = 767463, upload-time = "2025-09-25T21:32:06.152Z" },
    { url = "https://files.pythonhosted.org/packages/f2/6a/b627b4e0c1dd03718543519ffb2f1deea4a1e6d42fbab8021936a4d22589/pyyaml-6.0.3-cp311-cp311-musllinux_1_2_x86_64.whl", hash = "sha256:37503bfbfc9d2c40b344d06b2199cf0e96e97957ab1c1b546fd4f87e53e5d3e4", size = 794986, upload-time = "2025-09-25T21:32:07.367Z" },
    { url = "https://files.pythonhosted.org/packages/45/91/47a6e1c42d9ee337c4839208f30d9f09caa9f720ec7582917b264defc875/pyyaml-6.0.3-cp311-cp311-win32.whl", hash = "sha256:8098f252adfa6c80ab48096053f512f2321f0b998f98150cea9bd23d83e1467b", size = 142543, upload-time = "2025-09-25T21:32:08.95Z" },
    { url = "https://files.pythonhosted.org/packages/da/e3/ea007450a105ae919a72393cb06f122f288ef60bba2dc64b26e2646fa315/pyyaml-6.0.3-cp311-cp311-win_amd64.whl", hash = "sha256:9f3bfb4965eb874431221a3ff3fdcddc7e74e3b07799e0e84ca4a0f867d449bf", size = 158763, upload-time = "2025-09-25T21:32:09.96Z" },
    { url = "https://files.pythonhosted.org/packages/d1/33/422b98d2195232ca1826284a76852ad5a86fe23e31b009c9886b2d0fb8b2/pyyaml-6.0.3-cp312-cp312-macosx_10_13_x86_64.whl", hash = "sha256:7f047e29dcae44602496db43be01ad42fc6f1cc0d8cd6c83d342306c32270196", size = 182063, upload-time = "2025-09-25T21:32:11.445Z" },
    { url = "https://files.pythonhosted.org/packages/89/a0/6cf41a19a1f2f3feab0e9c0b74134aa2ce6849093d5517a0c550fe37a648/pyyaml-6.0.3-cp312-cp312-macosx_11_0_arm64.whl", hash = "sha256:fc09d0aa354569bc501d4e787133afc08552722d3ab34836a80547331bb5d4a0", size = 173973, upload-time = "2025-09-25T21:32:12.492Z" },
    { url = "https://files.pythonhosted.org/packages/ed/23/7a778b6bd0b9a8039df8b1b1d80e2e2ad78aa04171592c8a5c43a56a6af4/pyyaml-6.0.3-cp312-cp312-manylinux2014_aarch64.manylinux_2_17_aarch64.manylinux_2_28_aarch64.whl", hash = "sha256:9149cad251584d5fb4981be1ecde53a1ca46c891a79788c0df828d2f166bda28", size = 775116, upload-time = "2025-09-25T21:32:13.652Z" },
    { url = "https://files.pythonhosted.org/packages/65/30/d7353c338e12baef4ecc1b09e877c1970bd3382789c159b4f89d6a70dc09/pyyaml-6.0.3-cp312-cp312-manylinux2014_s390x.manylinux_2_17_s390x.manylinux_2_28_s390x.whl", hash = "sha256:5fdec68f91a0c6739b380c83b951e2c72ac0197ace422360e6d5a959d8d97b2c", size = 844011, upload-time = "2025-09-25T21:32:15.21Z" },
    { url = "https://files.pythonhosted.org/packages/8b/9d/b3589d3877982d4f2329302ef98a8026e7f4443c765c46cfecc8858c6b4b/pyyaml-6.0.3-cp312-cp312-manylinux2014_x86_64.manylinux_2_17_x86_64.manylinux_2_28_x86_64.whl", hash = "sha256:ba1cc08a7ccde2d2ec775841541641e4548226580ab850948cbfda66a1befcdc", size = 807870, upload-time = "2025-09-25T21:32:16.431Z" },
    { url = "https://files.pythonhosted.org/packages/05/c0/b3be26a015601b822b97d9149ff8cb5ead58c66f981e04fedf4e762f4bd4/pyyaml-6.0.3-cp312-cp312-musllinux_1_2_aarch64.whl", hash = "sha256:8dc52c23056b9ddd46818a57b78404882310fb473d63f17b07d5c40421e47f8e", size = 761089, upload-time = "2025-09-25T21:32:17.56Z" },
    { url = "https://files.pythonhosted.org/packages/be/8e/98435a21d1d4b46590d5459a22d88128103f8da4c2d4cb8f14f2a96504e1/pyyaml-6.0.3-cp312-cp312-musllinux_1_2_x86_64.whl", hash = "sha256:41715c910c881bc081f1e8872880d3c650acf13dfa8214bad49ed4cede7c34ea", size = 790181, upload-time = "2025-09-25T21:32:18.834Z" },
    { url = "https://files.pythonhosted.org/packages/74/93/7baea19427dcfbe1e5a372d81473250b379f04b1bd3c4c5ff825e2327202/pyyaml-6.0.3-cp312-cp312-win32.whl", hash = "sha256:96b533f0e99f6579b3d4d4995707cf36df9100d67e0c8303a0c55b27b5f99bc5", size = 137658, upload-time = "2025-09-25T21:32:20.209Z" },
    { url = "https://files.pythonhosted.org/packages/86/bf/899e81e4cce32febab4fb42bb97dcdf66bc135272882d1987881a4b519e9/pyyaml-6.0.3-cp312-cp312-win_amd64.whl", hash = "sha256:5fcd34e47f6e0b794d17de1b4ff496c00986e1c83f7ab2fb8fcfe9616ff7477b", size = 154003, upload-time = "2025-09-25T21:32:21.167Z" },
    { url = "https://files.pythonhosted.org/packages/1a/08/67bd04656199bbb51dbed1439b7f27601dfb576fb864099c7ef0c3e55531/pyyaml-6.0.3-cp312-cp312-win_arm64.whl", hash = "sha256:64386e5e707d03a7e172c0701abfb7e10f0fb753ee1d773128192742712a98fd", size = 140344, upload-time = "2025-09-25T21:32:22.617Z" },
    { url = "https://files.pythonhosted.org/packages/d1/11/0fd08f8192109f7169db964b5707a2f1e8b745d4e239b784a5a1dd80d1db/pyyaml-6.0.3-cp313-cp313-macosx_10_13_x86_64.whl", hash = "sha256:8da9669d359f02c0b91ccc01cac4a67f16afec0dac22c2ad09f46bee0697eba8", size = 181669, upload-time = "2025-09-25T21:32:23.673Z" },
    { url = "https://files.pythonhosted.org/packages/b1/16/95309993f1d3748cd644e02e38b75d50cbc0d9561d21f390a76242ce073f/pyyaml-6.0.3-cp313-cp313-macosx_11_0_arm64.whl", hash = "sha256:2283a07e2c21a2aa78d9c4442724ec1eb15f5e42a723b99cb3d822d48f5f7ad1", size = 173252, upload-time = "2025-09-25T21:32:25.149Z" },
    { url = "https://files.pythonhosted.org/packages/50/31/b20f376d3f810b9b2371e72ef5adb33879b25edb7a6d072cb7ca0c486398/pyyaml-6.0.3-cp313-cp313-manylinux2014_aarch64.manylinux_2_17_aarch64.manylinux_2_28_aarch64.whl", hash = "sha256:ee2922902c45ae8ccada2c5b501ab86c36525b883eff4255313a253a3160861c", size = 767081, upload-time = "2025-09-25T21:32:26.575Z" },
    { url = "https://files.pythonhosted.org/packages/49/1e/a55ca81e949270d5d4432fbbd19dfea5321eda7c41a849d443dc92fd1ff7/pyyaml-6.0.3-cp313-cp313-manylinux2014_s390x.manylinux_2_17_s390x.manylinux_2_28_s390x.whl", hash = "sha256:a33284e20b78bd4a18c8c2282d549d10bc8408a2a7ff57653c0cf0b9be0afce5", size = 841159, upload-time = "2025-09-25T21:32:27.727Z" },
    { url = "https://files.pythonhosted.org/packages/74/27/e5b8f34d02d9995b80abcef563ea1f8b56d20134d8f4e5e81733b1feceb2/pyyaml-6.0.3-cp313-cp313-manylinux2014_x86_64.manylinux_2_17_x86_64.manylinux_2_28_x86_64.whl", hash = "sha256:0f29edc409a6392443abf94b9cf89ce99889a1dd5376d94316ae5145dfedd5d6", size = 801626, upload-time = "2025-09-25T21:32:28.878Z" },
    { url = "https://files.pythonhosted.org/packages/f9/11/ba845c23988798f40e52ba45f34849aa8a1f2d4af4b798588010792ebad6/pyyaml-6.0.3-cp313-cp313-musllinux_1_2_aarch64.whl", hash = "sha256:f7057c9a337546edc7973c0d3ba84ddcdf0daa14533c2065749c9075001090e6", size = 753613, upload-time = "2025-09-25T21:32:30.178Z" },
    { url = "https://files.pythonhosted.org/packages/3d/e0/7966e1a7bfc0a45bf0a7fb6b98ea03fc9b8d84fa7f2229e9659680b69ee3/pyyaml-6.0.3-cp313-cp313-musllinux_1_2_x86_64.whl", hash = "sha256:eda16858a3cab07b80edaf74336ece1f986ba330fdb8ee0d6c0d68fe82bc96be", size = 794115, upload-time = "2025-09-25T21:32:31.353Z" },
    { url = "https://files.pythonhosted.org/packages/de/94/980b50a6531b3019e45ddeada0626d45fa85cbe22300844a7983285bed3b/pyyaml-6.0.3-cp313-cp313-win32.whl", hash = "sha256:d0eae10f8159e8fdad514efdc92d74fd8d682c933a6dd088030f3834bc8e6b26", size = 137427, upload-time = "2025-09-25T21:32:32.58Z" },
    { url = "https://files.pythonhosted.org/packages/97/c9/39d5b874e8b28845e4ec2202b5da735d0199dbe5b8fb85f91398814a9a46/pyyaml-6.0.3-cp313-cp313-win_amd64.whl", hash = "sha256:79005a0d97d5ddabfeeea4cf676af11e647e41d81c9a7722a193022accdb6b7c", size = 154090, upload-time = "2025-09-25T21:32:33.659Z" },
    { url = "https://files.pythonhosted.org/packages/73/e8/2bdf3ca2090f68bb3d75b44da7bbc71843b19c9f2b9cb9b0f4ab7a5a4329/pyyaml-6.0.3-cp313-cp313-win_arm64.whl", hash = "sha256:5498cd1645aa724a7c71c8f378eb29ebe23da2fc0d7a08071d89469bf1d2defb", size = 140246, upload-time = "2025-09-25T21:32:34.663Z" },
    { url = "https://files.pythonhosted.org/packages/9d/8c/f4bd7f6465179953d3ac9bc44ac1a8a3e6122cf8ada906b4f96c60172d43/pyyaml-6.0.3-cp314-cp314-macosx_10_13_x86_64.whl", hash = "sha256:8d1fab6bb153a416f9aeb4b8763bc0f22a5586065f86f7664fc23339fc1c1fac", size = 181814, upload-time = "2025-09-25T21:32:35.712Z" },
    { url = "https://files.pythonhosted.org/packages/bd/9c/4d95bb87eb2063d20db7b60faa3840c1b18025517ae857371c4dd55a6b3a/pyyaml-6.0.3-cp314-cp314-macosx_11_0_arm64.whl", hash = "sha256:34d5fcd24b8445fadc33f9cf348c1047101756fd760b4dacb5c3e99755703310", size = 173809, upload-time = "2025-09-25T21:32:36.789Z" },
    { url = "https://files.pythonhosted.org/packages/92/b5/47e807c2623074914e29dabd16cbbdd4bf5e9b2db9f8090fa64411fc5382/pyyaml-6.0.3-cp314-cp314-manylinux2014_aarch64.manylinux_2_17_aarch64.manylinux_2_28_aarch64.whl", hash = "sha256:501a031947e3a9025ed4405a168e6ef5ae3126c59f90ce0cd6f2bfc477be31b7", size = 766454, upload-time = "2025-09-25T21:32:37.966Z" },
    { url = "https://files.pythonhosted.org/packages/02/9e/e5e9b168be58564121efb3de6859c452fccde0ab093d8438905899a3a483/pyyaml-6.0.3-cp314-cp314-manylinux2014_s390x.manylinux_2_17_s390x.manylinux_2_28_s390x.whl", hash = "sha256:b3bc83488de33889877a0f2543ade9f70c67d66d9ebb4ac959502e12de895788", size = 836355, upload-time = "2025-09-25T21:32:39.178Z" },
    { url = "https://files.pythonhosted.org/packages/88/f9/16491d7ed2a919954993e48aa941b200f38040928474c9e85ea9e64222c3/pyyaml-6.0.3-cp314-cp314-manylinux2014_x86_64.manylinux_2_17_x86_64.manylinux_2_28_x86_64.whl", hash = "sha256:c458b6d084f9b935061bc36216e8a69a7e293a2f1e68bf956dcd9e6cbcd143f5", size = 794175, upload-time = "2025-09-25T21:32:40.865Z" },
    { url = "https://files.pythonhosted.org/packages/dd/3f/5989debef34dc6397317802b527dbbafb2b4760878a53d4166579111411e/pyyaml-6.0.3-cp314-cp314-musllinux_1_2_aarch64.whl", hash = "sha256:7c6610def4f163542a622a73fb39f534f8c101d690126992300bf3207eab9764", size = 755228, upload-time = "2025-09-25T21:32:42.084Z" },
    { url = "https://files.pythonhosted.org/packages/d7/ce/af88a49043cd2e265be63d083fc75b27b6ed062f5f9fd6cdc223ad62f03e/pyyaml-6.0.3-cp314-cp314-musllinux_1_2_x86_64.whl", hash = "sha256:5190d403f121660ce8d1d2c1bb2ef1bd05b5f68533fc5c2ea899bd15f4399b35", size = 789194, upload-time = "2025-09-25T21:32:43.362Z" },
    { url = "https://files.pythonhosted.org/packages/23/20/bb6982b26a40bb43951265ba29d4c246ef0ff59c9fdcdf0ed04e0687de4d/pyyaml-6.0.3-cp314-cp314-win_amd64.whl", hash = "sha256:4a2e8cebe2ff6ab7d1050ecd59c25d4c8bd7e6f400f5f82b96557ac0abafd0ac", size = 156429, upload-time = "2025-09-25T21:32:57.844Z" },
    { url = "https://files.pythonhosted.org/packages/f4/f4/a4541072bb9422c8a883ab55255f918fa378ecf083f5b85e87fc2b4eda1b/pyyaml-6.0.3-cp314-cp314-win_arm64.whl", hash = "sha256:93dda82c9c22deb0a405ea4dc5f2d0cda384168e466364dec6255b293923b2f3", size = 143912, upload-time = "2025-09-25T21:32:59.247Z" },
    { url = "https://files.pythonhosted.org/packages/7c/f9/07dd09ae774e4616edf6cda684ee78f97777bdd15847253637a6f052a62f/pyyaml-6.0.3-cp314-cp314t-macosx_10_13_x86_64.whl", hash = "sha256:02893d100e99e03eda1c8fd5c441d8c60103fd175728e23e431db1b589cf5ab3", size = 189108, upload-time = "2025-09-25T21:32:44.377Z" },
    { url = "https://files.pythonhosted.org/packages/4e/78/8d08c9fb7ce09ad8c38ad533c1191cf27f7ae1effe5bb9400a46d9437fcf/pyyaml-6.0.3-cp314-cp314t-macosx_11_0_arm64.whl", hash = "sha256:c1ff362665ae507275af2853520967820d9124984e0f7466736aea23d8611fba", size = 183641, upload-time = "2025-09-25T21:32:45.407Z" },
    { url = "https://files.pythonhosted.org/packages/7b/5b/3babb19104a46945cf816d047db2788bcaf8c94527a805610b0289a01c6b/pyyaml-6.0.3-cp314-cp314t-manylinux2014_aarch64.manylinux_2_17_aarch64.manylinux_2_28_aarch64.whl", hash = "sha256:6adc77889b628398debc7b65c073bcb99c4a0237b248cacaf3fe8a557563ef6c", size = 831901, upload-time = "2025-09-25T21:32:48.83Z" },
    { url = "https://files.pythonhosted.org/packages/8b/cc/dff0684d8dc44da4d22a13f35f073d558c268780ce3c6ba1b87055bb0b87/pyyaml-6.0.3-cp314-cp314t-manylinux2014_s390x.manylinux_2_17_s390x.manylinux_2_28_s390x.whl", hash = "sha256:a80cb027f6b349846a3bf6d73b5e95e782175e52f22108cfa17876aaeff93702", size = 861132, upload-time = "2025-09-25T21:32:50.149Z" },
    { url = "https://files.pythonhosted.org/packages/b1/5e/f77dc6b9036943e285ba76b49e118d9ea929885becb0a29ba8a7c75e29fe/pyyaml-6.0.3-cp314-cp314t-manylinux2014_x86_64.manylinux_2_17_x86_64.manylinux_2_28_x86_64.whl", hash = "sha256:00c4bdeba853cc34e7dd471f16b4114f4162dc03e6b7afcc2128711f0eca823c", size = 839261, upload-time = "2025-09-25T21:32:51.808Z" },
    { url = "https://files.pythonhosted.org/packages/ce/88/a9db1376aa2a228197c58b37302f284b5617f56a5d959fd1763fb1675ce6/pyyaml-6.0.3-cp314-cp314t-musllinux_1_2_aarch64.whl", hash = "sha256:66e1674c3ef6f541c35191caae2d429b967b99e02040f5ba928632d9a7f0f065", size = 805272, upload-time = "2025-09-25T21:32:52.941Z" },
    { url = "https://files.pythonhosted.org/packages/da/92/1446574745d74df0c92e6aa4a7b0b3130706a4142b2d1a5869f2eaa423c6/pyyaml-6.0.3-cp314-cp314t-musllinux_1_2_x86_64.whl", hash = "sha256:16249ee61e95f858e83976573de0f5b2893b3677ba71c9dd36b9cf8be9ac6d65", size = 829923, upload-time = "2025-09-25T21:32:54.537Z" },
    { url = "https://files.pythonhosted.org/packages/f0/7a/1c7270340330e575b92f397352af856a8c06f230aa3e76f86b39d01b416a/pyyaml-6.0.3-cp314-cp314t-win_amd64.whl", hash = "sha256:4ad1906908f2f5ae4e5a8ddfce73c320c2a1429ec52eafd27138b7f1cbe341c9", size = 174062, upload-time = "2025-09-25T21:32:55.767Z" },
    { url = "https://files.pythonhosted.org/packages/f1/12/de94a39c2ef588c7e6455cfbe7343d3b2dc9d6b6b2f40c4c6565744c873d/pyyaml-6.0.3-cp314-cp314t-win_arm64.whl", hash = "sha256:ebc55a14a21cb14062aa4162f906cd962b28e2e9ea38f9b4391244cd8de4ae0b", size = 149341, upload-time = "2025-09-25T21:32:56.828Z" },
]

[[package]]
name = "six"
version = "1.17.0"
source = { registry = "https://pypi.org/simple" }
sdist = { url = "https://files.pythonhosted.org/packages/94/e7/b2c673351809dca68a0e064b6af791aa332cf192da575fd474ed7d6f16a2/six-1.17.0.tar.gz", hash = "sha256:ff70335d468e7eb6ec65b95b99d3a2836546063f63acc5171de367e834932a81", size = 34031, upload-time = "2024-12-04T17:35:28.174Z" }
wheels = [
    { url = "https://files.pythonhosted.org/packages/b7/ce/149a00dd41f10bc29e5921b496af8b574d8413afcd5e30dfa0ed46c2cc5e/six-1.17.0-py2.py3-none-any.whl", hash = "sha256:4721f391ed90541fddacab5acf947aa0d3dc7d27b2e1e8eda2be8970586c3274", size = 11050, upload-time = "2024-12-04T17:35:26.475Z" },
]

[[package]]
name = "types-python-dateutil"
version = "2.9.0.20251115"
source = { registry = "https://pypi.org/simple" }
sdist = { url = "https://files.pythonhosted.org/packages/6a/36/06d01fb52c0d57e9ad0c237654990920fa41195e4b3d640830dabf9eeb2f/types_python_dateutil-2.9.0.20251115.tar.gz", hash = "sha256:8a47f2c3920f52a994056b8786309b43143faa5a64d4cbb2722d6addabdf1a58", size = 16363, upload-time = "2025-11-15T03:00:13.717Z" }
wheels = [
    { url = "https://files.pythonhosted.org/packages/43/0b/56961d3ba517ed0df9b3a27bfda6514f3d01b28d499d1bce9068cfe4edd1/types_python_dateutil-2.9.0.20251115-py3-none-any.whl", hash = "sha256:9cf9c1c582019753b8639a081deefd7e044b9fa36bd8217f565c6c4e36ee0624", size = 18251, upload-time = "2025-11-15T03:00:12.317Z" },
]

[[package]]
name = "types-pyyaml"
version = "6.0.12.20250915"
source = { registry = "https://pypi.org/simple" }
sdist = { url = "https://files.pythonhosted.org/packages/7e/69/3c51b36d04da19b92f9e815be12753125bd8bc247ba0470a982e6979e71c/types_pyyaml-6.0.12.20250915.tar.gz", hash = "sha256:0f8b54a528c303f0e6f7165687dd33fafa81c807fcac23f632b63aa624ced1d3", size = 17522, upload-time = "2025-09-15T03:01:00.728Z" }
wheels = [
    { url = "https://files.pythonhosted.org/packages/bd/e0/1eed384f02555dde685fff1a1ac805c1c7dcb6dd019c916fe659b1c1f9ec/types_pyyaml-6.0.12.20250915-py3-none-any.whl", hash = "sha256:e7d4d9e064e89a3b3cae120b4990cd370874d2bf12fa5f46c97018dd5d3c9ab6", size = 20338, upload-time = "2025-09-15T03:00:59.218Z" },
]
